
Microsoft Visual Studio Solution File, Format Version 12.00
# Visual Studio Version 17
VisualStudioVersion = 17.12.35707.178
MinimumVisualStudioVersion = 10.0.40219.1
Project("{00D1A9C2-B5F0-4AF3-8072-F6C62B433612}") = "DB", "DB\DB.sqlproj", "{CC099D06-ABDC-49D9-879E-8C2263372879}"
EndProject
Project("{FAE04EC0-301F-11D3-BF4B-00C04F79EFBC}") = "DAL", "DAL\DAL.csproj", "{45665823-4182-41CC-9E5E-C0AC17FEFC1F}"
EndProject
Project("{FAE04EC0-301F-11D3-BF4B-00C04F79EFBC}") = "ConsoleTest", "ConsoleTest\ConsoleTest.csproj", "{31427484-DB97-46B4-A0EC-ADB97666AA5A}"
EndProject
Project("{FAE04EC0-301F-11D3-BF4B-00C04F79EFBC}") = "BLL", "BLL\BLL.csproj", "{F2AF4932-41DA-48B4-93B1-38FDABFB378A}"
EndProject
Project("{FAE04EC0-301F-11D3-BF4B-00C04F79EFBC}") = "ASP-MVC", "ASP-MVC\ASP-MVC.csproj", "{B638C9C3-B710-42A3-9CF5-0C9407052851}"
EndProject
Project("{FAE04EC0-301F-11D3-BF4B-00C04F79EFBC}") = "Common", "Common\Common.csproj", "{EE3AEDF6-03F3-4550-9BB2-D02D77A3A342}"
EndProject
Project("{FAE04EC0-301F-11D3-BF4B-00C04F79EFBC}") = "FakeDAL", "FakeDAL\FakeDAL.csproj", "{C1B07ADE-1C61-4BF8-86B4-1DF32D959339}"
EndProject
Global
	GlobalSection(SolutionConfigurationPlatforms) = preSolution
		Debug|Any CPU = Debug|Any CPU
		Release|Any CPU = Release|Any CPU
	EndGlobalSection
	GlobalSection(ProjectConfigurationPlatforms) = postSolution
		{CC099D06-ABDC-49D9-879E-8C2263372879}.Debug|Any CPU.ActiveCfg = Debug|Any CPU
		{CC099D06-ABDC-49D9-879E-8C2263372879}.Debug|Any CPU.Build.0 = Debug|Any CPU
		{CC099D06-ABDC-49D9-879E-8C2263372879}.Debug|Any CPU.Deploy.0 = Debug|Any CPU
		{CC099D06-ABDC-49D9-879E-8C2263372879}.Release|Any CPU.ActiveCfg = Release|Any CPU
		{CC099D06-ABDC-49D9-879E-8C2263372879}.Release|Any CPU.Build.0 = Release|Any CPU
		{CC099D06-ABDC-49D9-879E-8C2263372879}.Release|Any CPU.Deploy.0 = Release|Any CPU
		{45665823-4182-41CC-9E5E-C0AC17FEFC1F}.Debug|Any CPU.ActiveCfg = Debug|Any CPU
		{45665823-4182-41CC-9E5E-C0AC17FEFC1F}.Debug|Any CPU.Build.0 = Debug|Any CPU
		{45665823-4182-41CC-9E5E-C0AC17FEFC1F}.Release|Any CPU.ActiveCfg = Release|Any CPU
		{45665823-4182-41CC-9E5E-C0AC17FEFC1F}.Release|Any CPU.Build.0 = Release|Any CPU
		{31427484-DB97-46B4-A0EC-ADB97666AA5A}.Debug|Any CPU.ActiveCfg = Debug|Any CPU
		{31427484-DB97-46B4-A0EC-ADB97666AA5A}.Debug|Any CPU.Build.0 = Debug|Any CPU
		{31427484-DB97-46B4-A0EC-ADB97666AA5A}.Release|Any CPU.ActiveCfg = Release|Any CPU
		{31427484-DB97-46B4-A0EC-ADB97666AA5A}.Release|Any CPU.Build.0 = Release|Any CPU
		{F2AF4932-41DA-48B4-93B1-38FDABFB378A}.Debug|Any CPU.ActiveCfg = Debug|Any CPU
		{F2AF4932-41DA-48B4-93B1-38FDABFB378A}.Debug|Any CPU.Build.0 = Debug|Any CPU
		{F2AF4932-41DA-48B4-93B1-38FDABFB378A}.Release|Any CPU.ActiveCfg = Release|Any CPU
		{F2AF4932-41DA-48B4-93B1-38FDABFB378A}.Release|Any CPU.Build.0 = Release|Any CPU
		{B638C9C3-B710-42A3-9CF5-0C9407052851}.Debug|Any CPU.ActiveCfg = Debug|Any CPU
		{B638C9C3-B710-42A3-9CF5-0C9407052851}.Debug|Any CPU.Build.0 = Debug|Any CPU
		{B638C9C3-B710-42A3-9CF5-0C9407052851}.Release|Any CPU.ActiveCfg = Release|Any CPU
		{B638C9C3-B710-42A3-9CF5-0C9407052851}.Release|Any CPU.Build.0 = Release|Any CPU
		{EE3AEDF6-03F3-4550-9BB2-D02D77A3A342}.Debug|Any CPU.ActiveCfg = Debug|Any CPU
		{EE3AEDF6-03F3-4550-9BB2-D02D77A3A342}.Debug|Any CPU.Build.0 = Debug|Any CPU
		{EE3AEDF6-03F3-4550-9BB2-D02D77A3A342}.Release|Any CPU.ActiveCfg = Release|Any CPU
		{EE3AEDF6-03F3-4550-9BB2-D02D77A3A342}.Release|Any CPU.Build.0 = Release|Any CPU
		{C1B07ADE-1C61-4BF8-86B4-1DF32D959339}.Debug|Any CPU.ActiveCfg = Debug|Any CPU
		{C1B07ADE-1C61-4BF8-86B4-1DF32D959339}.Debug|Any CPU.Build.0 = Debug|Any CPU
		{C1B07ADE-1C61-4BF8-86B4-1DF32D959339}.Release|Any CPU.ActiveCfg = Release|Any CPU
		{C1B07ADE-1C61-4BF8-86B4-1DF32D959339}.Release|Any CPU.Build.0 = Release|Any CPU
	EndGlobalSection
	GlobalSection(SolutionProperties) = preSolution
		HideSolutionNode = FALSE
	EndGlobalSection
EndGlobal
