
Microsoft Visual Studio Solution File, Format Version 12.00
# Visual Studio Version 17
VisualStudioVersion = 17.11.35312.102
MinimumVisualStudioVersion = 10.0.40219.1
Project("{9A19103F-16F7-4668-BE54-9A1E7A4F7556}") = "Exo1-4Oct2024", "Exo1-4Oct2024\Exo1-4Oct2024.csproj", "{73066AC0-235C-4D4F-8F9E-A8D59264D9DA}"
EndProject
Project("{9A19103F-16F7-4668-BE54-9A1E7A4F7556}") = "Exo_9Oct2024", "Exo_9Oct2024\Exo_9Oct2024.csproj", "{8DB464FA-093E-4B29-B651-AA6DF02F4991}"
EndProject
Project("{9A19103F-16F7-4668-BE54-9A1E7A4F7556}") = "exosFinJour_9Oct2024", "exosFinJour_9Oct2024\exosFinJour_9Oct2024.csproj", "{F6A4DA1A-BEC0-49DB-B292-BC93497C13C9}"
EndProject
Project("{9A19103F-16F7-4668-BE54-9A1E7A4F7556}") = "exos FinJour_10Oct2024", "exos FinJour_10Oct2024\exos FinJour_10Oct2024.csproj", "{A27CDDA0-5133-452E-8713-27B1313D3E00}"
EndProject
Project("{FAE04EC0-301F-11D3-BF4B-00C04F79EFBC}") = "Exos lunch_14Oct2024- table, array, list dictionary", "Exos lunch_14Oct2024- table, array, list dictionary\Exos lunch_14Oct2024- table, array, list dictionary.csproj", "{65D7B93A-62FD-408A-892D-5DA044DD128A}"
EndProject
Global
	GlobalSection(SolutionConfigurationPlatforms) = preSolution
		Debug|Any CPU = Debug|Any CPU
		Release|Any CPU = Release|Any CPU
	EndGlobalSection
	GlobalSection(ProjectConfigurationPlatforms) = postSolution
		{73066AC0-235C-4D4F-8F9E-A8D59264D9DA}.Debug|Any CPU.ActiveCfg = Debug|Any CPU
		{73066AC0-235C-4D4F-8F9E-A8D59264D9DA}.Debug|Any CPU.Build.0 = Debug|Any CPU
		{73066AC0-235C-4D4F-8F9E-A8D59264D9DA}.Release|Any CPU.ActiveCfg = Release|Any CPU
		{73066AC0-235C-4D4F-8F9E-A8D59264D9DA}.Release|Any CPU.Build.0 = Release|Any CPU
		{8DB464FA-093E-4B29-B651-AA6DF02F4991}.Debug|Any CPU.ActiveCfg = Debug|Any CPU
		{8DB464FA-093E-4B29-B651-AA6DF02F4991}.Debug|Any CPU.Build.0 = Debug|Any CPU
		{8DB464FA-093E-4B29-B651-AA6DF02F4991}.Release|Any CPU.ActiveCfg = Release|Any CPU
		{8DB464FA-093E-4B29-B651-AA6DF02F4991}.Release|Any CPU.Build.0 = Release|Any CPU
		{F6A4DA1A-BEC0-49DB-B292-BC93497C13C9}.Debug|Any CPU.ActiveCfg = Debug|Any CPU
		{F6A4DA1A-BEC0-49DB-B292-BC93497C13C9}.Debug|Any CPU.Build.0 = Debug|Any CPU
		{F6A4DA1A-BEC0-49DB-B292-BC93497C13C9}.Release|Any CPU.ActiveCfg = Release|Any CPU
		{F6A4DA1A-BEC0-49DB-B292-BC93497C13C9}.Release|Any CPU.Build.0 = Release|Any CPU
		{A27CDDA0-5133-452E-8713-27B1313D3E00}.Debug|Any CPU.ActiveCfg = Debug|Any CPU
		{A27CDDA0-5133-452E-8713-27B1313D3E00}.Debug|Any CPU.Build.0 = Debug|Any CPU
		{A27CDDA0-5133-452E-8713-27B1313D3E00}.Release|Any CPU.ActiveCfg = Release|Any CPU
		{A27CDDA0-5133-452E-8713-27B1313D3E00}.Release|Any CPU.Build.0 = Release|Any CPU
		{65D7B93A-62FD-408A-892D-5DA044DD128A}.Debug|Any CPU.ActiveCfg = Debug|Any CPU
		{65D7B93A-62FD-408A-892D-5DA044DD128A}.Debug|Any CPU.Build.0 = Debug|Any CPU
		{65D7B93A-62FD-408A-892D-5DA044DD128A}.Release|Any CPU.ActiveCfg = Release|Any CPU
		{65D7B93A-62FD-408A-892D-5DA044DD128A}.Release|Any CPU.Build.0 = Release|Any CPU
	EndGlobalSection
	GlobalSection(SolutionProperties) = preSolution
		HideSolutionNode = FALSE
	EndGlobalSection
	GlobalSection(ExtensibilityGlobals) = postSolution
		SolutionGuid = {A692F0BF-2854-4C7D-ACA6-6CC1BC2FBA3E}
	EndGlobalSection
EndGlobal
