
Microsoft Visual Studio Solution File, Format Version 12.00
# Visual Studio Version 17
VisualStudioVersion = 17.11.35312.102
MinimumVisualStudioVersion = 10.0.40219.1
Project("{9A19103F-16F7-4668-BE54-9A1E7A4F7556}") = "Exo1-4Oct2024", "Exo1-4Oct2024\Exo1-4Oct2024.csproj", "{73066AC0-235C-4D4F-8F9E-A8D59264D9DA}"
EndProject
Project("{9A19103F-16F7-4668-BE54-9A1E7A4F7556}") = "Exo_9Oct2024", "Exo_9Oct2024\Exo_9Oct2024.csproj", "{8DB464FA-093E-4B29-B651-AA6DF02F4991}"
EndProject
Project("{9A19103F-16F7-4668-BE54-9A1E7A4F7556}") = "exosFinJour_9Oct2024", "exosFinJour_9Oct2024\exosFinJour_9Oct2024.csproj", "{F6A4DA1A-BEC0-49DB-B292-BC93497C13C9}"
EndProject
Project("{9A19103F-16F7-4668-BE54-9A1E7A4F7556}") = "exos FinJour_10Oct2024", "exos FinJour_10Oct2024\exos FinJour_10Oct2024.csproj", "{A27CDDA0-5133-452E-8713-27B1313D3E00}"
EndProject
Project("{9A19103F-16F7-4668-BE54-9A1E7A4F7556}") = "Exos lunch_14Oct2024- table, array, list dictionary", "Exos lunch_14Oct2024- table, array, list dictionary\Exos lunch_14Oct2024- table, array, list dictionary.csproj", "{65D7B93A-62FD-408A-892D-5DA044DD128A}"
EndProject
Project("{9A19103F-16F7-4668-BE54-9A1E7A4F7556}") = "Exo1_struct_13Nov2024", "Exos13Nov2024\Exo1_struct_13Nov2024.csproj", "{E93C1261-3E78-40F5-A4AB-543069128A45}"
EndProject
Project("{9A19103F-16F7-4668-BE54-9A1E7A4F7556}") = "Exo2_structs_13nov2024", "Exo 2 (structs) 13nov2024\Exo2_structs_13nov2024.csproj", "{A86DC69D-BD9B-4DFB-B175-2C8FA042E711}"
EndProject
Project("{9A19103F-16F7-4668-BE54-9A1E7A4F7556}") = "ExoCelFarStructs25Nov2024", "ConsoleApp1\ExoCelFarStructs25Nov2024.csproj", "{EABF26F9-9214-4E43-844A-46FCDD005890}"
EndProject
Project("{9A19103F-16F7-4668-BE54-9A1E7A4F7556}") = "ExoDistribBoiss", "ExoDistribBoiss\ExoDistribBoiss.csproj", "{C08BB37E-FEFC-4D95-BFC8-8EEBE048FC50}"
EndProject
Project("{FAE04EC0-301F-11D3-BF4B-00C04F79EFBC}") = "ExoTechnicolor26Nov2024", "ExoFinJour26Nov2024\ExoTechnicolor26Nov2024.csproj", "{DE09D74B-74CE-42DB-9115-E8E6190EF74C}"
EndProject
Project("{FAE04EC0-301F-11D3-BF4B-00C04F79EFBC}") = "ExoCardDeck26Nov2024", "ExoCardDeck26Nov2024\ExoCardDeck26Nov2024.csproj", "{F01A0442-8B3E-4C2B-A09C-F66F6387A77F}"
EndProject
Global
	GlobalSection(SolutionConfigurationPlatforms) = preSolution
		Debug|Any CPU = Debug|Any CPU
		Release|Any CPU = Release|Any CPU
	EndGlobalSection
	GlobalSection(ProjectConfigurationPlatforms) = postSolution
		{73066AC0-235C-4D4F-8F9E-A8D59264D9DA}.Debug|Any CPU.ActiveCfg = Debug|Any CPU
		{73066AC0-235C-4D4F-8F9E-A8D59264D9DA}.Debug|Any CPU.Build.0 = Debug|Any CPU
		{73066AC0-235C-4D4F-8F9E-A8D59264D9DA}.Release|Any CPU.ActiveCfg = Release|Any CPU
		{73066AC0-235C-4D4F-8F9E-A8D59264D9DA}.Release|Any CPU.Build.0 = Release|Any CPU
		{8DB464FA-093E-4B29-B651-AA6DF02F4991}.Debug|Any CPU.ActiveCfg = Debug|Any CPU
		{8DB464FA-093E-4B29-B651-AA6DF02F4991}.Debug|Any CPU.Build.0 = Debug|Any CPU
		{8DB464FA-093E-4B29-B651-AA6DF02F4991}.Release|Any CPU.ActiveCfg = Release|Any CPU
		{8DB464FA-093E-4B29-B651-AA6DF02F4991}.Release|Any CPU.Build.0 = Release|Any CPU
		{F6A4DA1A-BEC0-49DB-B292-BC93497C13C9}.Debug|Any CPU.ActiveCfg = Debug|Any CPU
		{F6A4DA1A-BEC0-49DB-B292-BC93497C13C9}.Debug|Any CPU.Build.0 = Debug|Any CPU
		{F6A4DA1A-BEC0-49DB-B292-BC93497C13C9}.Release|Any CPU.ActiveCfg = Release|Any CPU
		{F6A4DA1A-BEC0-49DB-B292-BC93497C13C9}.Release|Any CPU.Build.0 = Release|Any CPU
		{A27CDDA0-5133-452E-8713-27B1313D3E00}.Debug|Any CPU.ActiveCfg = Debug|Any CPU
		{A27CDDA0-5133-452E-8713-27B1313D3E00}.Debug|Any CPU.Build.0 = Debug|Any CPU
		{A27CDDA0-5133-452E-8713-27B1313D3E00}.Release|Any CPU.ActiveCfg = Release|Any CPU
		{A27CDDA0-5133-452E-8713-27B1313D3E00}.Release|Any CPU.Build.0 = Release|Any CPU
		{65D7B93A-62FD-408A-892D-5DA044DD128A}.Debug|Any CPU.ActiveCfg = Debug|Any CPU
		{65D7B93A-62FD-408A-892D-5DA044DD128A}.Debug|Any CPU.Build.0 = Debug|Any CPU
		{65D7B93A-62FD-408A-892D-5DA044DD128A}.Release|Any CPU.ActiveCfg = Release|Any CPU
		{65D7B93A-62FD-408A-892D-5DA044DD128A}.Release|Any CPU.Build.0 = Release|Any CPU
		{E93C1261-3E78-40F5-A4AB-543069128A45}.Debug|Any CPU.ActiveCfg = Debug|Any CPU
		{E93C1261-3E78-40F5-A4AB-543069128A45}.Debug|Any CPU.Build.0 = Debug|Any CPU
		{E93C1261-3E78-40F5-A4AB-543069128A45}.Release|Any CPU.ActiveCfg = Release|Any CPU
		{E93C1261-3E78-40F5-A4AB-543069128A45}.Release|Any CPU.Build.0 = Release|Any CPU
		{A86DC69D-BD9B-4DFB-B175-2C8FA042E711}.Debug|Any CPU.ActiveCfg = Debug|Any CPU
		{A86DC69D-BD9B-4DFB-B175-2C8FA042E711}.Debug|Any CPU.Build.0 = Debug|Any CPU
		{A86DC69D-BD9B-4DFB-B175-2C8FA042E711}.Release|Any CPU.ActiveCfg = Release|Any CPU
		{A86DC69D-BD9B-4DFB-B175-2C8FA042E711}.Release|Any CPU.Build.0 = Release|Any CPU
		{EABF26F9-9214-4E43-844A-46FCDD005890}.Debug|Any CPU.ActiveCfg = Debug|Any CPU
		{EABF26F9-9214-4E43-844A-46FCDD005890}.Debug|Any CPU.Build.0 = Debug|Any CPU
		{EABF26F9-9214-4E43-844A-46FCDD005890}.Release|Any CPU.ActiveCfg = Release|Any CPU
		{EABF26F9-9214-4E43-844A-46FCDD005890}.Release|Any CPU.Build.0 = Release|Any CPU
		{C08BB37E-FEFC-4D95-BFC8-8EEBE048FC50}.Debug|Any CPU.ActiveCfg = Debug|Any CPU
		{C08BB37E-FEFC-4D95-BFC8-8EEBE048FC50}.Debug|Any CPU.Build.0 = Debug|Any CPU
		{C08BB37E-FEFC-4D95-BFC8-8EEBE048FC50}.Release|Any CPU.ActiveCfg = Release|Any CPU
		{C08BB37E-FEFC-4D95-BFC8-8EEBE048FC50}.Release|Any CPU.Build.0 = Release|Any CPU
		{DE09D74B-74CE-42DB-9115-E8E6190EF74C}.Debug|Any CPU.ActiveCfg = Debug|Any CPU
		{DE09D74B-74CE-42DB-9115-E8E6190EF74C}.Debug|Any CPU.Build.0 = Debug|Any CPU
		{DE09D74B-74CE-42DB-9115-E8E6190EF74C}.Release|Any CPU.ActiveCfg = Release|Any CPU
		{DE09D74B-74CE-42DB-9115-E8E6190EF74C}.Release|Any CPU.Build.0 = Release|Any CPU
		{F01A0442-8B3E-4C2B-A09C-F66F6387A77F}.Debug|Any CPU.ActiveCfg = Debug|Any CPU
		{F01A0442-8B3E-4C2B-A09C-F66F6387A77F}.Debug|Any CPU.Build.0 = Debug|Any CPU
		{F01A0442-8B3E-4C2B-A09C-F66F6387A77F}.Release|Any CPU.ActiveCfg = Release|Any CPU
		{F01A0442-8B3E-4C2B-A09C-F66F6387A77F}.Release|Any CPU.Build.0 = Release|Any CPU
	EndGlobalSection
	GlobalSection(SolutionProperties) = preSolution
		HideSolutionNode = FALSE
	EndGlobalSection
	GlobalSection(ExtensibilityGlobals) = postSolution
		SolutionGuid = {A692F0BF-2854-4C7D-ACA6-6CC1BC2FBA3E}
	EndGlobalSection
EndGlobal
