
Microsoft Visual Studio Solution File, Format Version 12.00
# Visual Studio Version 17
VisualStudioVersion = 17.11.35312.102
MinimumVisualStudioVersion = 10.0.40219.1
Project("{9A19103F-16F7-4668-BE54-9A1E7A4F7556}") = "Demo01", "Demo01\Demo01.csproj", "{E5179D64-204F-4040-8AE8-6D4D22EF45E7}"
EndProject
Project("{9A19103F-16F7-4668-BE54-9A1E7A4F7556}") = "Demo02", "Demo02\Demo02.csproj", "{C86841B7-BC27-4A5E-9986-C78D2EFFE299}"
EndProject
Project("{9A19103F-16F7-4668-BE54-9A1E7A4F7556}") = "Demo3", "Demo3\Demo3.csproj", "{DA40C5E7-89FF-4BCB-AEA0-2B8ACAF2FD71}"
EndProject
Project("{9A19103F-16F7-4668-BE54-9A1E7A4F7556}") = "Demo4", "Demo4\Demo4.csproj", "{39E38540-C771-4395-A9B4-D75B3BE90DCB}"
EndProject
Project("{9A19103F-16F7-4668-BE54-9A1E7A4F7556}") = "Demo5", "Demo5\Demo5.csproj", "{BE51606B-2E01-4FB8-83B4-368219B4F13A}"
EndProject
Project("{9A19103F-16F7-4668-BE54-9A1E7A4F7556}") = "Demo6 substring", "Demo6 substring\Demo6 substring.csproj", "{58273C50-7264-48B5-A329-CA6CE0989BF8}"
EndProject
Project("{9A19103F-16F7-4668-BE54-9A1E7A4F7556}") = "Demo7 loops", "Demo7 loops\Demo7 loops.csproj", "{1304275A-BE07-4B23-B223-5F43EE36FE79}"
EndProject
Project("{9A19103F-16F7-4668-BE54-9A1E7A4F7556}") = "Demo8 - doWhile for password", "Demo8 - doWhile for password\Demo8 - doWhile for password.csproj", "{71DF49C2-BE67-4321-92EC-D47B5A3BF37E}"
EndProject
Project("{9A19103F-16F7-4668-BE54-9A1E7A4F7556}") = "Demo9 - random", "Demo9 - random\Demo9 - random.csproj", "{3589029B-17E7-472D-B725-12EBF56AC4CF}"
EndProject
Project("{9A19103F-16F7-4668-BE54-9A1E7A4F7556}") = "Demo10", "Demo10\Demo10.csproj", "{7D6A6961-F232-406B-9A4E-0D8725BA03F2}"
EndProject
Project("{9A19103F-16F7-4668-BE54-9A1E7A4F7556}") = "Demo11", "Demo11\Demo11.csproj", "{3DE572D8-F950-462D-9FA6-D6C2D7A58ABF}"
EndProject
Project("{9A19103F-16F7-4668-BE54-9A1E7A4F7556}") = "Demo12", "Demo12\Demo12.csproj", "{AD258681-3798-4AEF-A8C8-AE5EADA7A96B}"
EndProject
Project("{9A19103F-16F7-4668-BE54-9A1E7A4F7556}") = "Demo 13", "Demo 13\Demo 13.csproj", "{5FF7F8A2-150F-4123-9DC8-B6072864818A}"
EndProject
Project("{9A19103F-16F7-4668-BE54-9A1E7A4F7556}") = "Demo 14", "Demo 14\Demo 14.csproj", "{89CCABDE-BC1D-4D19-BA2F-CC1769329DED}"
EndProject
Project("{9A19103F-16F7-4668-BE54-9A1E7A4F7556}") = "Demo15", "Demo15\Demo15.csproj", "{D45E05A1-00F8-4115-BCC5-E552925A44E0}"
EndProject
Project("{FAE04EC0-301F-11D3-BF4B-00C04F79EFBC}") = "Demo16Stoplight", "Demo16Stoplight\Demo16Stoplight.csproj", "{61D4A2B2-8454-4CD0-9943-849A5B5626DD}"
EndProject
Project("{FAE04EC0-301F-11D3-BF4B-00C04F79EFBC}") = "Demo17Flags", "Demo17Flags\Demo17Flags.csproj", "{BDB0567A-3A58-436B-AF63-65088B02F2A2}"
EndProject
Global
	GlobalSection(SolutionConfigurationPlatforms) = preSolution
		Debug|Any CPU = Debug|Any CPU
		Release|Any CPU = Release|Any CPU
	EndGlobalSection
	GlobalSection(ProjectConfigurationPlatforms) = postSolution
		{E5179D64-204F-4040-8AE8-6D4D22EF45E7}.Debug|Any CPU.ActiveCfg = Debug|Any CPU
		{E5179D64-204F-4040-8AE8-6D4D22EF45E7}.Debug|Any CPU.Build.0 = Debug|Any CPU
		{E5179D64-204F-4040-8AE8-6D4D22EF45E7}.Release|Any CPU.ActiveCfg = Release|Any CPU
		{E5179D64-204F-4040-8AE8-6D4D22EF45E7}.Release|Any CPU.Build.0 = Release|Any CPU
		{C86841B7-BC27-4A5E-9986-C78D2EFFE299}.Debug|Any CPU.ActiveCfg = Debug|Any CPU
		{C86841B7-BC27-4A5E-9986-C78D2EFFE299}.Debug|Any CPU.Build.0 = Debug|Any CPU
		{C86841B7-BC27-4A5E-9986-C78D2EFFE299}.Release|Any CPU.ActiveCfg = Release|Any CPU
		{C86841B7-BC27-4A5E-9986-C78D2EFFE299}.Release|Any CPU.Build.0 = Release|Any CPU
		{DA40C5E7-89FF-4BCB-AEA0-2B8ACAF2FD71}.Debug|Any CPU.ActiveCfg = Debug|Any CPU
		{DA40C5E7-89FF-4BCB-AEA0-2B8ACAF2FD71}.Debug|Any CPU.Build.0 = Debug|Any CPU
		{DA40C5E7-89FF-4BCB-AEA0-2B8ACAF2FD71}.Release|Any CPU.ActiveCfg = Release|Any CPU
		{DA40C5E7-89FF-4BCB-AEA0-2B8ACAF2FD71}.Release|Any CPU.Build.0 = Release|Any CPU
		{39E38540-C771-4395-A9B4-D75B3BE90DCB}.Debug|Any CPU.ActiveCfg = Debug|Any CPU
		{39E38540-C771-4395-A9B4-D75B3BE90DCB}.Debug|Any CPU.Build.0 = Debug|Any CPU
		{39E38540-C771-4395-A9B4-D75B3BE90DCB}.Release|Any CPU.ActiveCfg = Release|Any CPU
		{39E38540-C771-4395-A9B4-D75B3BE90DCB}.Release|Any CPU.Build.0 = Release|Any CPU
		{BE51606B-2E01-4FB8-83B4-368219B4F13A}.Debug|Any CPU.ActiveCfg = Debug|Any CPU
		{BE51606B-2E01-4FB8-83B4-368219B4F13A}.Debug|Any CPU.Build.0 = Debug|Any CPU
		{BE51606B-2E01-4FB8-83B4-368219B4F13A}.Release|Any CPU.ActiveCfg = Release|Any CPU
		{BE51606B-2E01-4FB8-83B4-368219B4F13A}.Release|Any CPU.Build.0 = Release|Any CPU
		{58273C50-7264-48B5-A329-CA6CE0989BF8}.Debug|Any CPU.ActiveCfg = Debug|Any CPU
		{58273C50-7264-48B5-A329-CA6CE0989BF8}.Debug|Any CPU.Build.0 = Debug|Any CPU
		{58273C50-7264-48B5-A329-CA6CE0989BF8}.Release|Any CPU.ActiveCfg = Release|Any CPU
		{58273C50-7264-48B5-A329-CA6CE0989BF8}.Release|Any CPU.Build.0 = Release|Any CPU
		{1304275A-BE07-4B23-B223-5F43EE36FE79}.Debug|Any CPU.ActiveCfg = Debug|Any CPU
		{1304275A-BE07-4B23-B223-5F43EE36FE79}.Debug|Any CPU.Build.0 = Debug|Any CPU
		{1304275A-BE07-4B23-B223-5F43EE36FE79}.Release|Any CPU.ActiveCfg = Release|Any CPU
		{1304275A-BE07-4B23-B223-5F43EE36FE79}.Release|Any CPU.Build.0 = Release|Any CPU
		{71DF49C2-BE67-4321-92EC-D47B5A3BF37E}.Debug|Any CPU.ActiveCfg = Debug|Any CPU
		{71DF49C2-BE67-4321-92EC-D47B5A3BF37E}.Debug|Any CPU.Build.0 = Debug|Any CPU
		{71DF49C2-BE67-4321-92EC-D47B5A3BF37E}.Release|Any CPU.ActiveCfg = Release|Any CPU
		{71DF49C2-BE67-4321-92EC-D47B5A3BF37E}.Release|Any CPU.Build.0 = Release|Any CPU
		{3589029B-17E7-472D-B725-12EBF56AC4CF}.Debug|Any CPU.ActiveCfg = Debug|Any CPU
		{3589029B-17E7-472D-B725-12EBF56AC4CF}.Debug|Any CPU.Build.0 = Debug|Any CPU
		{3589029B-17E7-472D-B725-12EBF56AC4CF}.Release|Any CPU.ActiveCfg = Release|Any CPU
		{3589029B-17E7-472D-B725-12EBF56AC4CF}.Release|Any CPU.Build.0 = Release|Any CPU
		{7D6A6961-F232-406B-9A4E-0D8725BA03F2}.Debug|Any CPU.ActiveCfg = Debug|Any CPU
		{7D6A6961-F232-406B-9A4E-0D8725BA03F2}.Debug|Any CPU.Build.0 = Debug|Any CPU
		{7D6A6961-F232-406B-9A4E-0D8725BA03F2}.Release|Any CPU.ActiveCfg = Release|Any CPU
		{7D6A6961-F232-406B-9A4E-0D8725BA03F2}.Release|Any CPU.Build.0 = Release|Any CPU
		{3DE572D8-F950-462D-9FA6-D6C2D7A58ABF}.Debug|Any CPU.ActiveCfg = Debug|Any CPU
		{3DE572D8-F950-462D-9FA6-D6C2D7A58ABF}.Debug|Any CPU.Build.0 = Debug|Any CPU
		{3DE572D8-F950-462D-9FA6-D6C2D7A58ABF}.Release|Any CPU.ActiveCfg = Release|Any CPU
		{3DE572D8-F950-462D-9FA6-D6C2D7A58ABF}.Release|Any CPU.Build.0 = Release|Any CPU
		{AD258681-3798-4AEF-A8C8-AE5EADA7A96B}.Debug|Any CPU.ActiveCfg = Debug|Any CPU
		{AD258681-3798-4AEF-A8C8-AE5EADA7A96B}.Debug|Any CPU.Build.0 = Debug|Any CPU
		{AD258681-3798-4AEF-A8C8-AE5EADA7A96B}.Release|Any CPU.ActiveCfg = Release|Any CPU
		{AD258681-3798-4AEF-A8C8-AE5EADA7A96B}.Release|Any CPU.Build.0 = Release|Any CPU
		{5FF7F8A2-150F-4123-9DC8-B6072864818A}.Debug|Any CPU.ActiveCfg = Debug|Any CPU
		{5FF7F8A2-150F-4123-9DC8-B6072864818A}.Debug|Any CPU.Build.0 = Debug|Any CPU
		{5FF7F8A2-150F-4123-9DC8-B6072864818A}.Release|Any CPU.ActiveCfg = Release|Any CPU
		{5FF7F8A2-150F-4123-9DC8-B6072864818A}.Release|Any CPU.Build.0 = Release|Any CPU
		{89CCABDE-BC1D-4D19-BA2F-CC1769329DED}.Debug|Any CPU.ActiveCfg = Debug|Any CPU
		{89CCABDE-BC1D-4D19-BA2F-CC1769329DED}.Debug|Any CPU.Build.0 = Debug|Any CPU
		{89CCABDE-BC1D-4D19-BA2F-CC1769329DED}.Release|Any CPU.ActiveCfg = Release|Any CPU
		{89CCABDE-BC1D-4D19-BA2F-CC1769329DED}.Release|Any CPU.Build.0 = Release|Any CPU
		{D45E05A1-00F8-4115-BCC5-E552925A44E0}.Debug|Any CPU.ActiveCfg = Debug|Any CPU
		{D45E05A1-00F8-4115-BCC5-E552925A44E0}.Debug|Any CPU.Build.0 = Debug|Any CPU
		{D45E05A1-00F8-4115-BCC5-E552925A44E0}.Release|Any CPU.ActiveCfg = Release|Any CPU
		{D45E05A1-00F8-4115-BCC5-E552925A44E0}.Release|Any CPU.Build.0 = Release|Any CPU
		{61D4A2B2-8454-4CD0-9943-849A5B5626DD}.Debug|Any CPU.ActiveCfg = Debug|Any CPU
		{61D4A2B2-8454-4CD0-9943-849A5B5626DD}.Debug|Any CPU.Build.0 = Debug|Any CPU
		{61D4A2B2-8454-4CD0-9943-849A5B5626DD}.Release|Any CPU.ActiveCfg = Release|Any CPU
		{61D4A2B2-8454-4CD0-9943-849A5B5626DD}.Release|Any CPU.Build.0 = Release|Any CPU
		{BDB0567A-3A58-436B-AF63-65088B02F2A2}.Debug|Any CPU.ActiveCfg = Debug|Any CPU
		{BDB0567A-3A58-436B-AF63-65088B02F2A2}.Debug|Any CPU.Build.0 = Debug|Any CPU
		{BDB0567A-3A58-436B-AF63-65088B02F2A2}.Release|Any CPU.ActiveCfg = Release|Any CPU
		{BDB0567A-3A58-436B-AF63-65088B02F2A2}.Release|Any CPU.Build.0 = Release|Any CPU
	EndGlobalSection
	GlobalSection(SolutionProperties) = preSolution
		HideSolutionNode = FALSE
	EndGlobalSection
	GlobalSection(ExtensibilityGlobals) = postSolution
		SolutionGuid = {C44D1AD0-A697-41E6-B3CF-D02D794DA2F7}
	EndGlobalSection
EndGlobal
